{
  "requires": true,
  "lockfileVersion": 1,
  "dependencies": {
    "@fortawesome/fontawesome-common-types": {
      "version": "0.2.34",
      "resolved": "https://registry.npm.taobao.org/@fortawesome/fontawesome-common-types/download/@fortawesome/fontawesome-common-types-0.2.34.tgz",
      "integrity": "sha1-Cow0i7I7e3YAMPWx2RLlgr5OyRU="
    },
    "@fortawesome/fontawesome-svg-core": {
      "version": "1.2.34",
      "resolved": "https://registry.npm.taobao.org/@fortawesome/fontawesome-svg-core/download/@fortawesome/fontawesome-svg-core-1.2.34.tgz",
      "integrity": "sha1-HRp8klN8vCuKg+72ttgktLW0ayY=",
      "requires": {
        "@fortawesome/fontawesome-common-types": "^0.2.34"
      }
    },
    "@fortawesome/free-solid-svg-icons": {
      "version": "5.15.2",
      "resolved": "https://registry.npm.taobao.org/@fortawesome/free-solid-svg-icons/download/@fortawesome/free-solid-svg-icons-5.15.2.tgz",
      "integrity": "sha1-JbsDXeV8+FrugHKWVzI2jMyOiUM=",
      "requires": {
        "@fortawesome/fontawesome-common-types": "^0.2.34"
      }
    },
    "@fortawesome/vue-fontawesome": {
      "version": "2.0.2",
      "resolved": "https://registry.npm.taobao.org/@fortawesome/vue-fontawesome/download/@fortawesome/vue-fontawesome-2.0.2.tgz",
      "integrity": "sha1-W4bNL7e0wX5d7eciwcKFXJfs6uo="
    },
    "stormdb": {
      "version": "0.4.1",
      "resolved": "https://registry.npm.taobao.org/stormdb/download/stormdb-0.4.1.tgz",
      "integrity": "sha1-AOAEnaZAjqys5aPpelTLP7sDXN0="
    }
  }
}
